
Microsoft Visual Studio Solution File, Format Version 12.00
# Visual Studio Version 16
VisualStudioVersion = 16.0.33927.289
MinimumVisualStudioVersion = 10.0.40219.1
Project("{F184B08F-C81C-45F6-A57F-5ABD9991F28F}") = "CurveGradesChapter7", "CurveGradesChapter7.vbproj", "{511E51A0-7EAF-41D1-9F3D-7DC0C4D82E50}"
EndProject
Global
	GlobalSection(SolutionConfigurationPlatforms) = preSolution
		Debug|Any CPU = Debug|Any CPU
		Release|Any CPU = Release|Any CPU
	EndGlobalSection
	GlobalSection(ProjectConfigurationPlatforms) = postSolution
		{511E51A0-7EAF-41D1-9F3D-7DC0C4D82E50}.Debug|Any CPU.ActiveCfg = Debug|Any CPU
		{511E51A0-7EAF-41D1-9F3D-7DC0C4D82E50}.Debug|Any CPU.Build.0 = Debug|Any CPU
		{511E51A0-7EAF-41D1-9F3D-7DC0C4D82E50}.Release|Any CPU.ActiveCfg = Release|Any CPU
		{511E51A0-7EAF-41D1-9F3D-7DC0C4D82E50}.Release|Any CPU.Build.0 = Release|Any CPU
	EndGlobalSection
	GlobalSection(SolutionProperties) = preSolution
		HideSolutionNode = FALSE
	EndGlobalSection
	GlobalSection(ExtensibilityGlobals) = postSolution
		SolutionGuid = {7BCB571F-3163-4488-B968-64D758BED29F}
	EndGlobalSection
EndGlobal
